
Microsoft Visual Studio Solution File, Format Version 12.00
# Visual Studio 15
VisualStudioVersion = 15.0.28307.489
MinimumVisualStudioVersion = 10.0.40219.1
Project("{9A19103F-16F7-4668-BE54-9A1E7A4F7556}") = "DA.WI.NSGHSM.Core", "DA.WI.NSGHSM.Core\DA.WI.NSGHSM.Core.csproj", "{CFFA8EFD-770F-4CC5-9CE6-96197451A5F5}"
EndProject
Project("{9A19103F-16F7-4668-BE54-9A1E7A4F7556}") = "DA.WI.NSGHSM.IRepo", "DA.WI.NSGHSM.IRepo\DA.WI.NSGHSM.IRepo.csproj", "{75441206-6462-42BC-93BF-2265F4308787}"
EndProject
Project("{9A19103F-16F7-4668-BE54-9A1E7A4F7556}") = "DA.WI.NSGHSM.Repo", "DA.WI.NSGHSM.Repo\DA.WI.NSGHSM.Repo.csproj", "{06818C2F-30C5-40FC-934E-2ACB2CA49795}"
EndProject
Project("{9A19103F-16F7-4668-BE54-9A1E7A4F7556}") = "DA.WI.NSGHSM.Logic", "DA.WI.NSGHSM.Logic\DA.WI.NSGHSM.Logic.csproj", "{E6432734-53D6-413C-86CE-C20CDBCFE73C}"
EndProject
Project("{9A19103F-16F7-4668-BE54-9A1E7A4F7556}") = "DA.WI.NSGHSM.Dto", "DA.WI.NSGHSM.Dto\DA.WI.NSGHSM.Dto.csproj", "{10F56754-B275-4C41-A69A-493641F2E5BE}"
EndProject
Project("{9A19103F-16F7-4668-BE54-9A1E7A4F7556}") = "DA.WI.NSGHSM.IdentityServer", "DA.WI.NSGHSM.IdentityServer\DA.WI.NSGHSM.IdentityServer.csproj", "{34247B2E-E19C-4D08-9440-6F645C14F18C}"
EndProject
Project("{9A19103F-16F7-4668-BE54-9A1E7A4F7556}") = "DA.WI.NSGHSM.Web", "DA.WI.NSGHSM.Web\DA.WI.NSGHSM.Web.csproj", "{A9B319B9-B73C-4D7D-A9CD-A6C434CA0047}"
EndProject
Project("{9A19103F-16F7-4668-BE54-9A1E7A4F7556}") = "DA.WI.NSGHSM.XUnitExtensions", "DA.WI.NSGHSM.XUnitExtensions\DA.WI.NSGHSM.XUnitExtensions.csproj", "{9D975B1D-7C47-4A9C-8E1C-0C8ABBF0BAC6}"
EndProject
Project("{9A19103F-16F7-4668-BE54-9A1E7A4F7556}") = "DA.WI.NSGHSM.Core.Test", "DA.WI.NSGHSM.Core.Test\DA.WI.NSGHSM.Core.Test.csproj", "{12A33B1E-B20D-43F2-94F8-723C9AF54C9B}"
EndProject
Project("{9A19103F-16F7-4668-BE54-9A1E7A4F7556}") = "DA.WI.NSGHSM.Logic.Test", "DA.WI.NSGHSM.Logic.Test\DA.WI.NSGHSM.Logic.Test.csproj", "{B42AA30F-9B9F-473C-8497-3D12A4B0047D}"
EndProject
Project("{9A19103F-16F7-4668-BE54-9A1E7A4F7556}") = "DA.WI.NSGHSM.Api", "DA.WI.NSGHSM.Api\DA.WI.NSGHSM.Api.csproj", "{D039816C-7C3C-44A6-9004-EE6F2EB22E19}"
EndProject
Project("{2150E333-8FDC-42A3-9474-1A3956D46DE8}") = "Common", "Common", "{ED0F9AD7-220C-428C-AD11-6F680FEA440A}"
EndProject
Project("{2150E333-8FDC-42A3-9474-1A3956D46DE8}") = "Repo", "Repo", "{13B319F7-85DC-4218-8B55-CDE5B3D0E31D}"
EndProject
Project("{2150E333-8FDC-42A3-9474-1A3956D46DE8}") = "Logic", "Logic", "{66E5292E-C651-4572-9627-562D17AB36D7}"
EndProject
Project("{2150E333-8FDC-42A3-9474-1A3956D46DE8}") = "Tools", "Tools", "{5EEAA265-BD74-43E4-807E-A308B742AEDB}"
	ProjectSection(SolutionItems) = preProject
		Publish-App.ps1 = Publish-App.ps1
	EndProjectSection
EndProject
Project("{9A19103F-16F7-4668-BE54-9A1E7A4F7556}") = "DA.WI.DirectoryServices", "DA.WI.DirectoryServices\DA.WI.DirectoryServices.csproj", "{8922BEB5-0ED9-436B-854F-BEDCDB1BB088}"
EndProject
Project("{9A19103F-16F7-4668-BE54-9A1E7A4F7556}") = "DA.WI.DirectoryServices.Test", "DA.WI.DirectoryServices.Test\DA.WI.DirectoryServices.Test.csproj", "{BF53B4C7-C232-4291-873D-3C8E562D413A}"
EndProject
Project("{2150E333-8FDC-42A3-9474-1A3956D46DE8}") = "DirectoryServices", "DirectoryServices", "{8C15A58D-D594-41E9-A591-0D8D06BCF6C9}"
EndProject
Project("{9A19103F-16F7-4668-BE54-9A1E7A4F7556}") = "DA.WI.NSGHSM.Repo.Test", "DA.WI.NSGHSM.Repo.Test\DA.WI.NSGHSM.Repo.Test.csproj", "{97329063-3066-4D33-A626-8C00B0843A10}"
EndProject
Global
	GlobalSection(SolutionConfigurationPlatforms) = preSolution
		Debug|Any CPU = Debug|Any CPU
		Release|Any CPU = Release|Any CPU
	EndGlobalSection
	GlobalSection(ProjectConfigurationPlatforms) = postSolution
		{CFFA8EFD-770F-4CC5-9CE6-96197451A5F5}.Debug|Any CPU.ActiveCfg = Debug|Any CPU
		{CFFA8EFD-770F-4CC5-9CE6-96197451A5F5}.Debug|Any CPU.Build.0 = Debug|Any CPU
		{CFFA8EFD-770F-4CC5-9CE6-96197451A5F5}.Release|Any CPU.ActiveCfg = Release|Any CPU
		{CFFA8EFD-770F-4CC5-9CE6-96197451A5F5}.Release|Any CPU.Build.0 = Release|Any CPU
		{75441206-6462-42BC-93BF-2265F4308787}.Debug|Any CPU.ActiveCfg = Debug|Any CPU
		{75441206-6462-42BC-93BF-2265F4308787}.Debug|Any CPU.Build.0 = Debug|Any CPU
		{75441206-6462-42BC-93BF-2265F4308787}.Release|Any CPU.ActiveCfg = Release|Any CPU
		{75441206-6462-42BC-93BF-2265F4308787}.Release|Any CPU.Build.0 = Release|Any CPU
		{06818C2F-30C5-40FC-934E-2ACB2CA49795}.Debug|Any CPU.ActiveCfg = Debug|Any CPU
		{06818C2F-30C5-40FC-934E-2ACB2CA49795}.Debug|Any CPU.Build.0 = Debug|Any CPU
		{06818C2F-30C5-40FC-934E-2ACB2CA49795}.Release|Any CPU.ActiveCfg = Release|Any CPU
		{06818C2F-30C5-40FC-934E-2ACB2CA49795}.Release|Any CPU.Build.0 = Release|Any CPU
		{E6432734-53D6-413C-86CE-C20CDBCFE73C}.Debug|Any CPU.ActiveCfg = Debug|Any CPU
		{E6432734-53D6-413C-86CE-C20CDBCFE73C}.Debug|Any CPU.Build.0 = Debug|Any CPU
		{E6432734-53D6-413C-86CE-C20CDBCFE73C}.Release|Any CPU.ActiveCfg = Release|Any CPU
		{E6432734-53D6-413C-86CE-C20CDBCFE73C}.Release|Any CPU.Build.0 = Release|Any CPU
		{10F56754-B275-4C41-A69A-493641F2E5BE}.Debug|Any CPU.ActiveCfg = Debug|Any CPU
		{10F56754-B275-4C41-A69A-493641F2E5BE}.Debug|Any CPU.Build.0 = Debug|Any CPU
		{10F56754-B275-4C41-A69A-493641F2E5BE}.Release|Any CPU.ActiveCfg = Release|Any CPU
		{10F56754-B275-4C41-A69A-493641F2E5BE}.Release|Any CPU.Build.0 = Release|Any CPU
		{34247B2E-E19C-4D08-9440-6F645C14F18C}.Debug|Any CPU.ActiveCfg = Debug|Any CPU
		{34247B2E-E19C-4D08-9440-6F645C14F18C}.Debug|Any CPU.Build.0 = Debug|Any CPU
		{34247B2E-E19C-4D08-9440-6F645C14F18C}.Release|Any CPU.ActiveCfg = Release|Any CPU
		{34247B2E-E19C-4D08-9440-6F645C14F18C}.Release|Any CPU.Build.0 = Release|Any CPU
		{A9B319B9-B73C-4D7D-A9CD-A6C434CA0047}.Debug|Any CPU.ActiveCfg = Debug|Any CPU
		{A9B319B9-B73C-4D7D-A9CD-A6C434CA0047}.Debug|Any CPU.Build.0 = Debug|Any CPU
		{A9B319B9-B73C-4D7D-A9CD-A6C434CA0047}.Release|Any CPU.ActiveCfg = Release|Any CPU
		{A9B319B9-B73C-4D7D-A9CD-A6C434CA0047}.Release|Any CPU.Build.0 = Release|Any CPU
		{9D975B1D-7C47-4A9C-8E1C-0C8ABBF0BAC6}.Debug|Any CPU.ActiveCfg = Debug|Any CPU
		{9D975B1D-7C47-4A9C-8E1C-0C8ABBF0BAC6}.Debug|Any CPU.Build.0 = Debug|Any CPU
		{9D975B1D-7C47-4A9C-8E1C-0C8ABBF0BAC6}.Release|Any CPU.ActiveCfg = Release|Any CPU
		{9D975B1D-7C47-4A9C-8E1C-0C8ABBF0BAC6}.Release|Any CPU.Build.0 = Release|Any CPU
		{12A33B1E-B20D-43F2-94F8-723C9AF54C9B}.Debug|Any CPU.ActiveCfg = Debug|Any CPU
		{12A33B1E-B20D-43F2-94F8-723C9AF54C9B}.Debug|Any CPU.Build.0 = Debug|Any CPU
		{12A33B1E-B20D-43F2-94F8-723C9AF54C9B}.Release|Any CPU.ActiveCfg = Release|Any CPU
		{12A33B1E-B20D-43F2-94F8-723C9AF54C9B}.Release|Any CPU.Build.0 = Release|Any CPU
		{B42AA30F-9B9F-473C-8497-3D12A4B0047D}.Debug|Any CPU.ActiveCfg = Debug|Any CPU
		{B42AA30F-9B9F-473C-8497-3D12A4B0047D}.Debug|Any CPU.Build.0 = Debug|Any CPU
		{B42AA30F-9B9F-473C-8497-3D12A4B0047D}.Release|Any CPU.ActiveCfg = Release|Any CPU
		{B42AA30F-9B9F-473C-8497-3D12A4B0047D}.Release|Any CPU.Build.0 = Release|Any CPU
		{D039816C-7C3C-44A6-9004-EE6F2EB22E19}.Debug|Any CPU.ActiveCfg = Debug|Any CPU
		{D039816C-7C3C-44A6-9004-EE6F2EB22E19}.Debug|Any CPU.Build.0 = Debug|Any CPU
		{D039816C-7C3C-44A6-9004-EE6F2EB22E19}.Release|Any CPU.ActiveCfg = Release|Any CPU
		{D039816C-7C3C-44A6-9004-EE6F2EB22E19}.Release|Any CPU.Build.0 = Release|Any CPU
		{8922BEB5-0ED9-436B-854F-BEDCDB1BB088}.Debug|Any CPU.ActiveCfg = Debug|Any CPU
		{8922BEB5-0ED9-436B-854F-BEDCDB1BB088}.Debug|Any CPU.Build.0 = Debug|Any CPU
		{8922BEB5-0ED9-436B-854F-BEDCDB1BB088}.Release|Any CPU.ActiveCfg = Release|Any CPU
		{8922BEB5-0ED9-436B-854F-BEDCDB1BB088}.Release|Any CPU.Build.0 = Release|Any CPU
		{BF53B4C7-C232-4291-873D-3C8E562D413A}.Debug|Any CPU.ActiveCfg = Debug|Any CPU
		{BF53B4C7-C232-4291-873D-3C8E562D413A}.Debug|Any CPU.Build.0 = Debug|Any CPU
		{BF53B4C7-C232-4291-873D-3C8E562D413A}.Release|Any CPU.ActiveCfg = Release|Any CPU
		{BF53B4C7-C232-4291-873D-3C8E562D413A}.Release|Any CPU.Build.0 = Release|Any CPU
		{97329063-3066-4D33-A626-8C00B0843A10}.Debug|Any CPU.ActiveCfg = Debug|Any CPU
		{97329063-3066-4D33-A626-8C00B0843A10}.Debug|Any CPU.Build.0 = Debug|Any CPU
		{97329063-3066-4D33-A626-8C00B0843A10}.Release|Any CPU.ActiveCfg = Release|Any CPU
		{97329063-3066-4D33-A626-8C00B0843A10}.Release|Any CPU.Build.0 = Release|Any CPU
	EndGlobalSection
	GlobalSection(SolutionProperties) = preSolution
		HideSolutionNode = FALSE
	EndGlobalSection
	GlobalSection(NestedProjects) = preSolution
		{CFFA8EFD-770F-4CC5-9CE6-96197451A5F5} = {ED0F9AD7-220C-428C-AD11-6F680FEA440A}
		{75441206-6462-42BC-93BF-2265F4308787} = {13B319F7-85DC-4218-8B55-CDE5B3D0E31D}
		{06818C2F-30C5-40FC-934E-2ACB2CA49795} = {13B319F7-85DC-4218-8B55-CDE5B3D0E31D}
		{E6432734-53D6-413C-86CE-C20CDBCFE73C} = {66E5292E-C651-4572-9627-562D17AB36D7}
		{10F56754-B275-4C41-A69A-493641F2E5BE} = {ED0F9AD7-220C-428C-AD11-6F680FEA440A}
		{9D975B1D-7C47-4A9C-8E1C-0C8ABBF0BAC6} = {ED0F9AD7-220C-428C-AD11-6F680FEA440A}
		{12A33B1E-B20D-43F2-94F8-723C9AF54C9B} = {ED0F9AD7-220C-428C-AD11-6F680FEA440A}
		{B42AA30F-9B9F-473C-8497-3D12A4B0047D} = {66E5292E-C651-4572-9627-562D17AB36D7}
		{8922BEB5-0ED9-436B-854F-BEDCDB1BB088} = {8C15A58D-D594-41E9-A591-0D8D06BCF6C9}
		{BF53B4C7-C232-4291-873D-3C8E562D413A} = {8C15A58D-D594-41E9-A591-0D8D06BCF6C9}
		{8C15A58D-D594-41E9-A591-0D8D06BCF6C9} = {5EEAA265-BD74-43E4-807E-A308B742AEDB}
		{97329063-3066-4D33-A626-8C00B0843A10} = {13B319F7-85DC-4218-8B55-CDE5B3D0E31D}
	EndGlobalSection
	GlobalSection(ExtensibilityGlobals) = postSolution
		SolutionGuid = {6369A890-04A2-442F-867D-19597CD48122}
	EndGlobalSection
EndGlobal
